
Microsoft Visual Studio Solution File, Format Version 12.00
# Visual Studio Version 17
VisualStudioVersion = 17.11.35431.28
MinimumVisualStudioVersion = 10.0.40219.1
Project("{FAE04EC0-301F-11D3-BF4B-00C04F79EFBC}") = "FIAPHM", "FIAPHM\FIAPHM.csproj", "{7E4E6C5D-68F1-4561-9C83-312A1524AC6B}"
EndProject
Global
	GlobalSection(SolutionConfigurationPlatforms) = preSolution
		Debug|Any CPU = Debug|Any CPU
		Release|Any CPU = Release|Any CPU
	EndGlobalSection
	GlobalSection(ProjectConfigurationPlatforms) = postSolution
		{7E4E6C5D-68F1-4561-9C83-312A1524AC6B}.Debug|Any CPU.ActiveCfg = Debug|Any CPU
		{7E4E6C5D-68F1-4561-9C83-312A1524AC6B}.Debug|Any CPU.Build.0 = Debug|Any CPU
		{7E4E6C5D-68F1-4561-9C83-312A1524AC6B}.Release|Any CPU.ActiveCfg = Release|Any CPU
		{7E4E6C5D-68F1-4561-9C83-312A1524AC6B}.Release|Any CPU.Build.0 = Release|Any CPU
	EndGlobalSection
	GlobalSection(SolutionProperties) = preSolution
		HideSolutionNode = FALSE
	EndGlobalSection
	GlobalSection(ExtensibilityGlobals) = postSolution
		SolutionGuid = {3F884345-293E-4BED-B013-57B83A039E58}
	EndGlobalSection
EndGlobal
